// !$*UTF8*$!
{
	archiveVersion = 1;
	classes = {
	};
	objectVersion = 48;
	objects = {

/* Begin PBXBuildFile section */
		AA48E6D71F38195300C8913E /* LeagueVC.swift in Sources */ = {isa = PBXBuildFile; fileRef = AA48E6D61F38195300C8913E /* LeagueVC.swift */; };
		AA48E6D91F38196300C8913E /* SkillVC.swift in Sources */ = {isa = PBXBuildFile; fileRef = AA48E6D81F38196300C8913E /* SkillVC.swift */; };
		AABEE2141F356C35008CE1DB /* AppDelegate.swift in Sources */ = {isa = PBXBuildFile; fileRef = AABEE2131F356C35008CE1DB /* AppDelegate.swift */; };
		AABEE2161F356C35008CE1DB /* WelcomeVC.swift in Sources */ = {isa = PBXBuildFile; fileRef = AABEE2151F356C35008CE1DB /* WelcomeVC.swift */; };
		AABEE2191F356C35008CE1DB /* Main.storyboard in Resources */ = {isa = PBXBuildFile; fileRef = AABEE2171F356C35008CE1DB /* Main.storyboard */; };
		AABEE21B1F356C35008CE1DB /* Assets.xcassets in Resources */ = {isa = PBXBuildFile; fileRef = AABEE21A1F356C35008CE1DB /* Assets.xcassets */; };
		AABEE21E1F356C35008CE1DB /* LaunchScreen.storyboard in Resources */ = {isa = PBXBuildFile; fileRef = AABEE21C1F356C35008CE1DB /* LaunchScreen.storyboard */; };
		AABEE2271F35716A008CE1DB /* BorderButton.swift in Sources */ = {isa = PBXBuildFile; fileRef = AABEE2261F35716A008CE1DB /* BorderButton.swift */; };
/* End PBXBuildFile section */

/* Begin PBXFileReference section */
		AA48E6D61F38195300C8913E /* LeagueVC.swift */ = {isa = PBXFileReference; lastKnownFileType = sourcecode.swift; path = LeagueVC.swift; sourceTree = "<group>"; };
		AA48E6D81F38196300C8913E /* SkillVC.swift */ = {isa = PBXFileReference; lastKnownFileType = sourcecode.swift; path = SkillVC.swift; sourceTree = "<group>"; };
		AABEE2101F356C35008CE1DB /* app-swoosh.app */ = {isa = PBXFileReference; explicitFileType = wrapper.application; includeInIndex = 0; path = "app-swoosh.app"; sourceTree = BUILT_PRODUCTS_DIR; };
		AABEE2131F356C35008CE1DB /* AppDelegate.swift */ = {isa = PBXFileReference; lastKnownFileType = sourcecode.swift; path = AppDelegate.swift; sourceTree = "<group>"; };
		AABEE2151F356C35008CE1DB /* WelcomeVC.swift */ = {isa = PBXFileReference; lastKnownFileType = sourcecode.swift; path = WelcomeVC.swift; sourceTree = "<group>"; };
		AABEE2181F356C35008CE1DB /* Base */ = {isa = PBXFileReference; lastKnownFileType = file.storyboard; name = Base; path = Base.lproj/Main.storyboard; sourceTree = "<group>"; };
		AABEE21A1F356C35008CE1DB /* Assets.xcassets */ = {isa = PBXFileReference; lastKnownFileType = folder.assetcatalog; path = Assets.xcassets; sourceTree = "<group>"; };
		AABEE21D1F356C35008CE1DB /* Base */ = {isa = PBXFileReference; lastKnownFileType = file.storyboard; name = Base; path = Base.lproj/LaunchScreen.storyboard; sourceTree = "<group>"; };
		AABEE21F1F356C35008CE1DB /* Info.plist */ = {isa = PBXFileReference; lastKnownFileType = text.plist.xml; path = Info.plist; sourceTree = "<group>"; };
		AABEE2261F35716A008CE1DB /* BorderButton.swift */ = {isa = PBXFileReference; lastKnownFileType = sourcecode.swift; path = BorderButton.swift; sourceTree = "<group>"; };
/* End PBXFileReference section */

/* Begin PBXFrameworksBuildPhase section */
		AABEE20D1F356C35008CE1DB /* Frameworks */ = {
			isa = PBXFrameworksBuildPhase;
			buildActionMask = 2147483647;
			files = (
			);
			runOnlyForDeploymentPostprocessing = 0;
		};
/* End PBXFrameworksBuildPhase section */

/* Begin PBXGroup section */
		AA48E6D41F38186600C8913E /* Controller */ = {
			isa = PBXGroup;
			children = (
				AABEE2151F356C35008CE1DB /* WelcomeVC.swift */,
				AA48E6D61F38195300C8913E /* LeagueVC.swift */,
				AA48E6D81F38196300C8913E /* SkillVC.swift */,
			);
			path = Controller;
			sourceTree = "<group>";
		};
		AA48E6D51F3818A200C8913E /* Model */ = {
			isa = PBXGroup;
			children = (
			);
			path = Model;
			sourceTree = "<group>";
		};
		AABEE2071F356C35008CE1DB = {
			isa = PBXGroup;
			children = (
				AABEE2121F356C35008CE1DB /* app-swoosh */,
				AABEE2111F356C35008CE1DB /* Products */,
			);
			sourceTree = "<group>";
		};
		AABEE2111F356C35008CE1DB /* Products */ = {
			isa = PBXGroup;
			children = (
				AABEE2101F356C35008CE1DB /* app-swoosh.app */,
			);
			name = Products;
			sourceTree = "<group>";
		};
		AABEE2121F356C35008CE1DB /* app-swoosh */ = {
			isa = PBXGroup;
			children = (
				AA48E6D51F3818A200C8913E /* Model */,
				AA48E6D41F38186600C8913E /* Controller */,
				AABEE2251F35711B008CE1DB /* View */,
				AABEE2131F356C35008CE1DB /* AppDelegate.swift */,
				AABEE2171F356C35008CE1DB /* Main.storyboard */,
				AABEE21A1F356C35008CE1DB /* Assets.xcassets */,
				AABEE21C1F356C35008CE1DB /* LaunchScreen.storyboard */,
				AABEE21F1F356C35008CE1DB /* Info.plist */,
			);
			path = "app-swoosh";
			sourceTree = "<group>";
		};
		AABEE2251F35711B008CE1DB /* View */ = {
			isa = PBXGroup;
			children = (
				AABEE2261F35716A008CE1DB /* BorderButton.swift */,
			);
			path = View;
			sourceTree = "<group>";
		};
/* End PBXGroup section */

/* Begin PBXNativeTarget section */
		AABEE20F1F356C35008CE1DB /* app-swoosh */ = {
			isa = PBXNativeTarget;
			buildConfigurationList = AABEE2221F356C35008CE1DB /* Build configuration list for PBXNativeTarget "app-swoosh" */;
			buildPhases = (
				AABEE20C1F356C35008CE1DB /* Sources */,
				AABEE20D1F356C35008CE1DB /* Frameworks */,
				AABEE20E1F356C35008CE1DB /* Resources */,
			);
			buildRules = (
			);
			dependencies = (
			);
			name = "app-swoosh";
			productName = "app-swoosh";
			productReference = AABEE2101F356C35008CE1DB /* app-swoosh.app */;
			productType = "com.apple.product-type.application";
		};
/* End PBXNativeTarget section */

/* Begin PBXProject section */
		AABEE2081F356C35008CE1DB /* Project object */ = {
			isa = PBXProject;
			attributes = {
				LastSwiftUpdateCheck = 0900;
				LastUpgradeCheck = 0900;
				ORGANIZATIONNAME = "Ethan Malenchek";
				TargetAttributes = {
					AABEE20F1F356C35008CE1DB = {
						CreatedOnToolsVersion = 9.0;
					};
				};
			};
			buildConfigurationList = AABEE20B1F356C35008CE1DB /* Build configuration list for PBXProject "app-swoosh" */;
			compatibilityVersion = "Xcode 8.0";
			developmentRegion = en;
			hasScannedForEncodings = 0;
			knownRegions = (
				en,
				Base,
			);
			mainGroup = AABEE2071F356C35008CE1DB;
			productRefGroup = AABEE2111F356C35008CE1DB /* Products */;
			projectDirPath = "";
			projectRoot = "";
			targets = (
				AABEE20F1F356C35008CE1DB /* app-swoosh */,
			);
		};
/* End PBXProject section */

/* Begin PBXResourcesBuildPhase section */
		AABEE20E1F356C35008CE1DB /* Resources */ = {
			isa = PBXResourcesBuildPhase;
			buildActionMask = 2147483647;
			files = (
				AABEE21E1F356C35008CE1DB /* LaunchScreen.storyboard in Resources */,
				AABEE21B1F356C35008CE1DB /* Assets.xcassets in Resources */,
				AABEE2191F356C35008CE1DB /* Main.storyboard in Resources */,
			);
			runOnlyForDeploymentPostprocessing = 0;
		};
/* End PBXResourcesBuildPhase section */

/* Begin PBXSourcesBuildPhase section */
		AABEE20C1F356C35008CE1DB /* Sources */ = {
			isa = PBXSourcesBuildPhase;
			buildActionMask = 2147483647;
			files = (
				AABEE2161F356C35008CE1DB /* WelcomeVC.swift in Sources */,
				AA48E6D71F38195300C8913E /* LeagueVC.swift in Sources */,
				AABEE2141F356C35008CE1DB /* AppDelegate.swift in Sources */,
				AA48E6D91F38196300C8913E /* SkillVC.swift in Sources */,
				AABEE2271F35716A008CE1DB /* BorderButton.swift in Sources */,
			);
			runOnlyForDeploymentPostprocessing = 0;
		};
/* End PBXSourcesBuildPhase section */

/* Begin PBXVariantGroup section */
		AABEE2171F356C35008CE1DB /* Main.storyboard */ = {
			isa = PBXVariantGroup;
			children = (
				AABEE2181F356C35008CE1DB /* Base */,
			);
			name = Main.storyboard;
			sourceTree = "<group>";
		};
		AABEE21C1F356C35008CE1DB /* LaunchScreen.storyboard */ = {
			isa = PBXVariantGroup;
			children = (
				AABEE21D1F356C35008CE1DB /* Base */,
			);
			name = LaunchScreen.storyboard;
			sourceTree = "<group>";
		};
/* End PBXVariantGroup section */

/* Begin XCBuildConfiguration section */
		AABEE2201F356C35008CE1DB /* Debug */ = {
			isa = XCBuildConfiguration;
			buildSettings = {
				ALWAYS_SEARCH_USER_PATHS = NO;
				CLANG_ANALYZER_NONNULL = YES;
				CLANG_ANALYZER_NUMBER_OBJECT_CONVERSION = YES_AGGRESSIVE;
				CLANG_CXX_LANGUAGE_STANDARD = "gnu++14";
				CLANG_CXX_LIBRARY = "libc++";
				CLANG_ENABLE_MODULES = YES;
				CLANG_ENABLE_OBJC_ARC = YES;
				CLANG_WARN_BLOCK_CAPTURE_AUTORELEASING = YES;
				CLANG_WARN_BOOL_CONVERSION = YES;
				CLANG_WARN_COMMA = YES;
				CLANG_WARN_CONSTANT_CONVERSION = YES;
				CLANG_WARN_DIRECT_OBJC_ISA_USAGE = YES_ERROR;
				CLANG_WARN_DOCUMENTATION_COMMENTS = YES;
				CLANG_WARN_EMPTY_BODY = YES;
				CLANG_WARN_ENUM_CONVERSION = YES;
				CLANG_WARN_INFINITE_RECURSION = YES;
				CLANG_WARN_INT_CONVERSION = YES;
				CLANG_WARN_NON_LITERAL_NULL_CONVERSION = YES;
				CLANG_WARN_OBJC_LITERAL_CONVERSION = YES;
				CLANG_WARN_OBJC_ROOT_CLASS = YES_ERROR;
				CLANG_WARN_RANGE_LOOP_ANALYSIS = YES;
				CLANG_WARN_STRICT_PROTOTYPES = YES;
				CLANG_WARN_SUSPICIOUS_MOVE = YES;
				CLANG_WARN_UNGUARDED_AVAILABILITY = YES_AGGRESSIVE;
				CLANG_WARN_UNREACHABLE_CODE = YES;
				CLANG_WARN__DUPLICATE_METHOD_MATCH = YES;
				CODE_SIGN_IDENTITY = "iPhone Developer";
				COPY_PHASE_STRIP = NO;
				DEBUG_INFORMATION_FORMAT = dwarf;
				ENABLE_STRICT_OBJC_MSGSEND = YES;
				ENABLE_TESTABILITY = YES;
				GCC_C_LANGUAGE_STANDARD = gnu11;
				GCC_DYNAMIC_NO_PIC = NO;
				GCC_NO_COMMON_BLOCKS = YES;
				GCC_OPTIMIZATION_LEVEL = 0;
				GCC_PREPROCESSOR_DEFINITIONS = (
					"DEBUG=1",
					"$(inherited)",
				);
				GCC_WARN_64_TO_32_BIT_CONVERSION = YES;
				GCC_WARN_ABOUT_RETURN_TYPE = YES_ERROR;
				GCC_WARN_UNDECLARED_SELECTOR = YES;
				GCC_WARN_UNINITIALIZED_AUTOS = YES_AGGRESSIVE;
				GCC_WARN_UNUSED_FUNCTION = YES;
				GCC_WARN_UNUSED_VARIABLE = YES;
				IPHONEOS_DEPLOYMENT_TARGET = 11.0;
				MTL_ENABLE_DEBUG_INFO = YES;
				ONLY_ACTIVE_ARCH = YES;
				SDKROOT = iphoneos;
				SWIFT_ACTIVE_COMPILATION_CONDITIONS = DEBUG;
				SWIFT_OPTIMIZATION_LEVEL = "-Onone";
			};
			name = Debug;
		};
		AABEE2211F356C35008CE1DB /* Release */ = {
			isa = XCBuildConfiguration;
			buildSettings = {
				ALWAYS_SEARCH_USER_PATHS = NO;
				CLANG_ANALYZER_NONNULL = YES;
				CLANG_ANALYZER_NUMBER_OBJECT_CONVERSION = YES_AGGRESSIVE;
				CLANG_CXX_LANGUAGE_STANDARD = "gnu++14";
				CLANG_CXX_LIBRARY = "libc++";
				CLANG_ENABLE_MODULES = YES;
				CLANG_ENABLE_OBJC_ARC = YES;
				CLANG_WARN_BLOCK_CAPTURE_AUTORELEASING = YES;
				CLANG_WARN_BOOL_CONVERSION = YES;
				CLANG_WARN_COMMA = YES;
				CLANG_WARN_CONSTANT_CONVERSION = YES;
				CLANG_WARN_DIRECT_OBJC_ISA_USAGE = YES_ERROR;
				CLANG_WARN_DOCUMENTATION_COMMENTS = YES;
				CLANG_WARN_EMPTY_BODY = YES;
				CLANG_WARN_ENUM_CONVERSION = YES;
				CLANG_WARN_INFINITE_RECURSION = YES;
				CLANG_WARN_INT_CONVERSION = YES;
				CLANG_WARN_NON_LITERAL_NULL_CONVERSION = YES;
				CLANG_WARN_OBJC_LITERAL_CONVERSION = YES;
				CLANG_WARN_OBJC_ROOT_CLASS = YES_ERROR;
				CLANG_WARN_RANGE_LOOP_ANALYSIS = YES;
				CLANG_WARN_STRICT_PROTOTYPES = YES;
				CLANG_WARN_SUSPICIOUS_MOVE = YES;
				CLANG_WARN_UNGUARDED_AVAILABILITY = YES_AGGRESSIVE;
				CLANG_WARN_UNREACHABLE_CODE = YES;
				CLANG_WARN__DUPLICATE_METHOD_MATCH = YES;
				CODE_SIGN_IDENTITY = "iPhone Developer";
				COPY_PHASE_STRIP = NO;
				DEBUG_INFORMATION_FORMAT = "dwarf-with-dsym";
				ENABLE_NS_ASSERTIONS = NO;
				ENABLE_STRICT_OBJC_MSGSEND = YES;
				GCC_C_LANGUAGE_STANDARD = gnu11;
				GCC_NO_COMMON_BLOCKS = YES;
				GCC_WARN_64_TO_32_BIT_CONVERSION = YES;
				GCC_WARN_ABOUT_RETURN_TYPE = YES_ERROR;
				GCC_WARN_UNDECLARED_SELECTOR = YES;
				GCC_WARN_UNINITIALIZED_AUTOS = YES_AGGRESSIVE;
				GCC_WARN_UNUSED_FUNCTION = YES;
				GCC_WARN_UNUSED_VARIABLE = YES;
				IPHONEOS_DEPLOYMENT_TARGET = 11.0;
				MTL_ENABLE_DEBUG_INFO = NO;
				SDKROOT = iphoneos;
				SWIFT_OPTIMIZATION_LEVEL = "-Owholemodule";
				VALIDATE_PRODUCT = YES;
			};
			name = Release;
		};
		AABEE2231F356C35008CE1DB /* Debug */ = {
			isa = XCBuildConfiguration;
			buildSettings = {
				ASSETCATALOG_COMPILER_APPICON_NAME = AppIcon;
				DEVELOPMENT_TEAM = 75426KEQKL;
				INFOPLIST_FILE = "app-swoosh/Info.plist";
				LD_RUNPATH_SEARCH_PATHS = "$(inherited) @executable_path/Frameworks";
				PRODUCT_BUNDLE_IDENTIFIER = "ethan.app-swoosh";
				PRODUCT_NAME = "$(TARGET_NAME)";
				SWIFT_VERSION = 4.0;
				TARGETED_DEVICE_FAMILY = "1,2";
			};
			name = Debug;
		};
		AABEE2241F356C35008CE1DB /* Release */ = {
			isa = XCBuildConfiguration;
			buildSettings = {
				ASSETCATALOG_COMPILER_APPICON_NAME = AppIcon;
				DEVELOPMENT_TEAM = 75426KEQKL;
				INFOPLIST_FILE = "app-swoosh/Info.plist";
				LD_RUNPATH_SEARCH_PATHS = "$(inherited) @executable_path/Frameworks";
				PRODUCT_BUNDLE_IDENTIFIER = "ethan.app-swoosh";
				PRODUCT_NAME = "$(TARGET_NAME)";
				SWIFT_VERSION = 4.0;
				TARGETED_DEVICE_FAMILY = "1,2";
			};
			name = Release;
		};
/* End XCBuildConfiguration section */

/* Begin XCConfigurationList section */
		AABEE20B1F356C35008CE1DB /* Build configuration list for PBXProject "app-swoosh" */ = {
			isa = XCConfigurationList;
			buildConfigurations = (
				AABEE2201F356C35008CE1DB /* Debug */,
				AABEE2211F356C35008CE1DB /* Release */,
			);
			defaultConfigurationIsVisible = 0;
			defaultConfigurationName = Release;
		};
		AABEE2221F356C35008CE1DB /* Build configuration list for PBXNativeTarget "app-swoosh" */ = {
			isa = XCConfigurationList;
			buildConfigurations = (
				AABEE2231F356C35008CE1DB /* Debug */,
				AABEE2241F356C35008CE1DB /* Release */,
			);
			defaultConfigurationIsVisible = 0;
			defaultConfigurationName = Release;
		};
/* End XCConfigurationList section */
	};
	rootObject = AABEE2081F356C35008CE1DB /* Project object */;
}
